
Microsoft Visual Studio Solution File, Format Version 12.00
# Visual Studio Version 17
VisualStudioVersion = 17.5.002.0
MinimumVisualStudioVersion = 10.0.40219.1
Project("{9A19103F-16F7-4668-BE54-9A1E7A4F7556}") = "function-guid-from-string", "function-guid-from-string.csproj", "{D6A2839C-13C0-4C97-8ADB-2A0A73B06760}"
EndProject
Global
	GlobalSection(SolutionConfigurationPlatforms) = preSolution
		Debug|Any CPU = Debug|Any CPU
		Release|Any CPU = Release|Any CPU
	EndGlobalSection
	GlobalSection(ProjectConfigurationPlatforms) = postSolution
		{D6A2839C-13C0-4C97-8ADB-2A0A73B06760}.Debug|Any CPU.ActiveCfg = Debug|Any CPU
		{D6A2839C-13C0-4C97-8ADB-2A0A73B06760}.Debug|Any CPU.Build.0 = Debug|Any CPU
		{D6A2839C-13C0-4C97-8ADB-2A0A73B06760}.Release|Any CPU.ActiveCfg = Release|Any CPU
		{D6A2839C-13C0-4C97-8ADB-2A0A73B06760}.Release|Any CPU.Build.0 = Release|Any CPU
	EndGlobalSection
	GlobalSection(SolutionProperties) = preSolution
		HideSolutionNode = FALSE
	EndGlobalSection
	GlobalSection(ExtensibilityGlobals) = postSolution
		SolutionGuid = {AEE71576-C60E-4FDE-A23F-5FE43C7BC605}
	EndGlobalSection
EndGlobal
